
Microsoft Visual Studio Solution File, Format Version 12.00
# Visual Studio 2012
Project("{FAE04EC0-301F-11D3-BF4B-00C04F79EFBC}") = "QueriesHistogram", "QueriesHistogram\QueriesHistogram.csproj", "{EFB0D5C2-DE21-4029-9DDB-A4F8A60E25A0}"
EndProject
Project("{FAE04EC0-301F-11D3-BF4B-00C04F79EFBC}") = "Tests", "Tests\Tests.csproj", "{769DBE18-28E2-4E7D-9283-129E684063A0}"
EndProject
Global
	GlobalSection(SolutionConfigurationPlatforms) = preSolution
		Debug|Any CPU = Debug|Any CPU
		Release|Any CPU = Release|Any CPU
	EndGlobalSection
	GlobalSection(ProjectConfigurationPlatforms) = postSolution
		{EFB0D5C2-DE21-4029-9DDB-A4F8A60E25A0}.Debug|Any CPU.ActiveCfg = Debug|Any CPU
		{EFB0D5C2-DE21-4029-9DDB-A4F8A60E25A0}.Debug|Any CPU.Build.0 = Debug|Any CPU
		{EFB0D5C2-DE21-4029-9DDB-A4F8A60E25A0}.Release|Any CPU.ActiveCfg = Release|Any CPU
		{EFB0D5C2-DE21-4029-9DDB-A4F8A60E25A0}.Release|Any CPU.Build.0 = Release|Any CPU
		{769DBE18-28E2-4E7D-9283-129E684063A0}.Debug|Any CPU.ActiveCfg = Debug|Any CPU
		{769DBE18-28E2-4E7D-9283-129E684063A0}.Debug|Any CPU.Build.0 = Debug|Any CPU
		{769DBE18-28E2-4E7D-9283-129E684063A0}.Release|Any CPU.ActiveCfg = Release|Any CPU
		{769DBE18-28E2-4E7D-9283-129E684063A0}.Release|Any CPU.Build.0 = Release|Any CPU
	EndGlobalSection
	GlobalSection(SolutionProperties) = preSolution
		HideSolutionNode = FALSE
	EndGlobalSection
EndGlobal
